
Microsoft Visual Studio Solution File, Format Version 12.00
# Visual Studio Version 16
VisualStudioVersion = 16.0.31702.278
MinimumVisualStudioVersion = 10.0.40219.1
Project("{8BC9CEB8-8B4A-11D0-8D11-00A0C91BC942}") = "MyGame", "MyGame\MyGame.vcxproj", "{0DDC1BED-50F8-411B-BC6B-D04E7C25629E}"
EndProject
Project("{8BC9CEB8-8B4A-11D0-8D11-00A0C91BC942}") = "Salt", "Salt\Salt.vcxproj", "{D374976E-F54A-4AB8-957F-C6F513B9D143}"
EndProject
Project("{8BC9CEB8-8B4A-11D0-8D11-00A0C91BC942}") = "glfw", "glfw\build\src\glfw.vcxproj", "{5382E227-53B6-381E-A275-5D12A3045797}"
EndProject
Global
	GlobalSection(SolutionConfigurationPlatforms) = preSolution
		Debug|x64 = Debug|x64
		MinSizeRel|x64 = MinSizeRel|x64
		Release|x64 = Release|x64
		RelWithDebInfo|x64 = RelWithDebInfo|x64
	EndGlobalSection
	GlobalSection(ProjectConfigurationPlatforms) = postSolution
		{0DDC1BED-50F8-411B-BC6B-D04E7C25629E}.Debug|x64.ActiveCfg = Debug|x64
		{0DDC1BED-50F8-411B-BC6B-D04E7C25629E}.Debug|x64.Build.0 = Debug|x64
		{0DDC1BED-50F8-411B-BC6B-D04E7C25629E}.MinSizeRel|x64.ActiveCfg = Release|x64
		{0DDC1BED-50F8-411B-BC6B-D04E7C25629E}.MinSizeRel|x64.Build.0 = Release|x64
		{0DDC1BED-50F8-411B-BC6B-D04E7C25629E}.Release|x64.ActiveCfg = Release|x64
		{0DDC1BED-50F8-411B-BC6B-D04E7C25629E}.Release|x64.Build.0 = Release|x64
		{0DDC1BED-50F8-411B-BC6B-D04E7C25629E}.RelWithDebInfo|x64.ActiveCfg = Release|x64
		{0DDC1BED-50F8-411B-BC6B-D04E7C25629E}.RelWithDebInfo|x64.Build.0 = Release|x64
		{D374976E-F54A-4AB8-957F-C6F513B9D143}.Debug|x64.ActiveCfg = Debug|x64
		{D374976E-F54A-4AB8-957F-C6F513B9D143}.Debug|x64.Build.0 = Debug|x64
		{D374976E-F54A-4AB8-957F-C6F513B9D143}.MinSizeRel|x64.ActiveCfg = Release|x64
		{D374976E-F54A-4AB8-957F-C6F513B9D143}.MinSizeRel|x64.Build.0 = Release|x64
		{D374976E-F54A-4AB8-957F-C6F513B9D143}.Release|x64.ActiveCfg = Release|x64
		{D374976E-F54A-4AB8-957F-C6F513B9D143}.Release|x64.Build.0 = Release|x64
		{D374976E-F54A-4AB8-957F-C6F513B9D143}.RelWithDebInfo|x64.ActiveCfg = Release|x64
		{D374976E-F54A-4AB8-957F-C6F513B9D143}.RelWithDebInfo|x64.Build.0 = Release|x64
		{5382E227-53B6-381E-A275-5D12A3045797}.Debug|x64.ActiveCfg = Debug|x64
		{5382E227-53B6-381E-A275-5D12A3045797}.Debug|x64.Build.0 = Debug|x64
		{5382E227-53B6-381E-A275-5D12A3045797}.MinSizeRel|x64.ActiveCfg = MinSizeRel|x64
		{5382E227-53B6-381E-A275-5D12A3045797}.MinSizeRel|x64.Build.0 = MinSizeRel|x64
		{5382E227-53B6-381E-A275-5D12A3045797}.Release|x64.ActiveCfg = Release|x64
		{5382E227-53B6-381E-A275-5D12A3045797}.Release|x64.Build.0 = Release|x64
		{5382E227-53B6-381E-A275-5D12A3045797}.RelWithDebInfo|x64.ActiveCfg = RelWithDebInfo|x64
		{5382E227-53B6-381E-A275-5D12A3045797}.RelWithDebInfo|x64.Build.0 = RelWithDebInfo|x64
	EndGlobalSection
	GlobalSection(SolutionProperties) = preSolution
		HideSolutionNode = FALSE
	EndGlobalSection
	GlobalSection(ExtensibilityGlobals) = postSolution
		SolutionGuid = {D91FF0F6-5EAF-4134-A9CC-1B06DCE6F837}
	EndGlobalSection
EndGlobal
